
Microsoft Visual Studio Solution File, Format Version 12.00
# Visual Studio Version 16
VisualStudioVersion = 16.0.34031.81
MinimumVisualStudioVersion = 10.0.40219.1
Project("{FAE04EC0-301F-11D3-BF4B-00C04F79EFBC}") = "Pratices", "Pratices\Pratices.csproj", "{C3BA5C96-0062-4309-986C-6812595D9FDE}"
EndProject
Global
	GlobalSection(SolutionConfigurationPlatforms) = preSolution
		Debug|Any CPU = Debug|Any CPU
		Release|Any CPU = Release|Any CPU
	EndGlobalSection
	GlobalSection(ProjectConfigurationPlatforms) = postSolution
		{C3BA5C96-0062-4309-986C-6812595D9FDE}.Debug|Any CPU.ActiveCfg = Debug|Any CPU
		{C3BA5C96-0062-4309-986C-6812595D9FDE}.Debug|Any CPU.Build.0 = Debug|Any CPU
		{C3BA5C96-0062-4309-986C-6812595D9FDE}.Release|Any CPU.ActiveCfg = Release|Any CPU
		{C3BA5C96-0062-4309-986C-6812595D9FDE}.Release|Any CPU.Build.0 = Release|Any CPU
	EndGlobalSection
	GlobalSection(SolutionProperties) = preSolution
		HideSolutionNode = FALSE
	EndGlobalSection
	GlobalSection(ExtensibilityGlobals) = postSolution
		SolutionGuid = {AC7E5B44-53CE-4AE5-9EEA-87797009E7EF}
	EndGlobalSection
EndGlobal
